
Microsoft Visual Studio Solution File, Format Version 12.00
# Visual Studio Version 17
VisualStudioVersion = 17.0.31919.166
MinimumVisualStudioVersion = 10.0.40219.1
Project("{9A19103F-16F7-4668-BE54-9A1E7A4F7556}") = "AtividadeModulo3", "AtividadeModulo3.csproj", "{29FC7460-2703-4F77-80E9-E77FC6F73EBD}"
EndProject
Global
	GlobalSection(SolutionConfigurationPlatforms) = preSolution
		Debug|Any CPU = Debug|Any CPU
		Release|Any CPU = Release|Any CPU
	EndGlobalSection
	GlobalSection(ProjectConfigurationPlatforms) = postSolution
		{29FC7460-2703-4F77-80E9-E77FC6F73EBD}.Debug|Any CPU.ActiveCfg = Debug|Any CPU
		{29FC7460-2703-4F77-80E9-E77FC6F73EBD}.Debug|Any CPU.Build.0 = Debug|Any CPU
		{29FC7460-2703-4F77-80E9-E77FC6F73EBD}.Release|Any CPU.ActiveCfg = Release|Any CPU
		{29FC7460-2703-4F77-80E9-E77FC6F73EBD}.Release|Any CPU.Build.0 = Release|Any CPU
	EndGlobalSection
	GlobalSection(SolutionProperties) = preSolution
		HideSolutionNode = FALSE
	EndGlobalSection
	GlobalSection(ExtensibilityGlobals) = postSolution
		SolutionGuid = {27411C7E-DDDE-4EBF-813E-FB25F93C3C7E}
	EndGlobalSection
EndGlobal
